[[package]]
category = "main"
description = "A fast and complete Python implementation of Markdown"
name = "markdown2"
optional = false
python-versions = ">=3.5, <4"
version = "2.4.0"

[metadata]
content-hash = "11d9c51c49cbd86a78d62c512f56529f1bf1072084c2a35d94fba708a29326d2"
python-versions = "^3.8"

[metadata.files]
markdown2 = [
    {file = "markdown2-2.4.0-py2.py3-none-any.whl", hash = "sha256:8d4ef4a2d090c99532069c4611a9a2b9bea6ae1fa29b6c3727c95d1e31a8f6c5"},
    {file = "markdown2-2.4.0.tar.gz", hash = "sha256:28d769f0e544e6f68f684f01e9b186747b079a6927d9ca77ebc8c640a2829b1b"},
]
